
Microsoft Visual Studio Solution File, Format Version 12.00
# Visual Studio Version 16
VisualStudioVersion = 16.0.30804.86
MinimumVisualStudioVersion = 10.0.40219.1
Project("{2150E333-8FDC-42A3-9474-1A3956D46DE8}") = "src", "src", "{36C6376E-C71C-4C5C-B409-CE51188D2E7C}"
EndProject
Project("{2150E333-8FDC-42A3-9474-1A3956D46DE8}") = "Services", "Services", "{33D8CF3F-A0D7-433D-B7DE-BB214369DADA}"
EndProject
Project("{2150E333-8FDC-42A3-9474-1A3956D46DE8}") = "Normas", "Normas", "{FEC45D4F-05DB-46EC-964C-BCB61D9F2DA8}"
EndProject
Project("{2150E333-8FDC-42A3-9474-1A3956D46DE8}") = "Consultorias", "Consultorias", "{A9E8E932-A03D-4845-ADD8-8E29C832A990}"
EndProject
Project("{2150E333-8FDC-42A3-9474-1A3956D46DE8}") = "ApiGateways", "ApiGateways", "{C6F5DCD2-2CAD-4155-9886-4A324482C6F0}"
EndProject
Project("{2150E333-8FDC-42A3-9474-1A3956D46DE8}") = "Web", "Web", "{0C65EAA8-9F54-4656-A93F-16DBA2249022}"
EndProject
Project("{2150E333-8FDC-42A3-9474-1A3956D46DE8}") = "Tests", "Tests", "{BCA880B3-A3DC-4210-94B7-0BBDDD5D6B86}"
	ProjectSection(SolutionItems) = preProject
		..\..\..\OneDrive\Área de Trabalho\SIGO - Testes Unitarios.postman_collection.json = ..\..\..\OneDrive\Área de Trabalho\SIGO - Testes Unitarios.postman_collection.json
	EndProjectSection
EndProject
Project("{2150E333-8FDC-42A3-9474-1A3956D46DE8}") = "deploy", "deploy", "{1E90B300-55D3-4AA2-B590-40B2652E994B}"
EndProject
Project("{2150E333-8FDC-42A3-9474-1A3956D46DE8}") = "build", "build", "{615FB2C0-CD72-445F-A7EE-AECC400A9C2D}"
EndProject
Project("{E53339B2-1760-4266-BCC7-CA923CBCF16C}") = "docker-compose", "docker-compose.dcproj", "{A9FAFE00-DE7B-4EF4-AFFA-713CD63A9A57}"
EndProject
Project("{2150E333-8FDC-42A3-9474-1A3956D46DE8}") = "Autenticacao", "Autenticacao", "{2F7F8E77-61E1-4872-B145-1D39F00CDCAC}"
EndProject
Project("{9A19103F-16F7-4668-BE54-9A1E7A4F7556}") = "Old.Autenticacao.API", "src\Services\Autenticacao\Old.Autenticacao.API\Old.Autenticacao.API.csproj", "{B0436618-A62F-4B5E-BE4A-B788E288E1B7}"
EndProject
Project("{9A19103F-16F7-4668-BE54-9A1E7A4F7556}") = "SIGO.Consultorias.Domain", "src\Services\Consultorias\Consultorias.Domain\SIGO.Consultorias.Domain.csproj", "{A8C4193D-E729-4DE0-823B-70371186BE11}"
EndProject
Project("{9A19103F-16F7-4668-BE54-9A1E7A4F7556}") = "SIGO.Consultorias.API", "src\Services\Consultorias\Consultorias.API\SIGO.Consultorias.API.csproj", "{23D58ABF-069A-44BC-A667-9AC089D73C5F}"
	ProjectSection(ProjectDependencies) = postProject
		{A8C4193D-E729-4DE0-823B-70371186BE11} = {A8C4193D-E729-4DE0-823B-70371186BE11}
		{04D9FA92-E7CB-4CE4-8CEF-622638328E8B} = {04D9FA92-E7CB-4CE4-8CEF-622638328E8B}
	EndProjectSection
EndProject
Project("{9A19103F-16F7-4668-BE54-9A1E7A4F7556}") = "SIGO.Consultorias.Service", "src\Services\Consultorias\Consultorias.Service\SIGO.Consultorias.Service.csproj", "{04D9FA92-E7CB-4CE4-8CEF-622638328E8B}"
	ProjectSection(ProjectDependencies) = postProject
		{35F8381B-AC7E-4153-81B4-E4E8029C882E} = {35F8381B-AC7E-4153-81B4-E4E8029C882E}
		{A8C4193D-E729-4DE0-823B-70371186BE11} = {A8C4193D-E729-4DE0-823B-70371186BE11}
	EndProjectSection
EndProject
Project("{9A19103F-16F7-4668-BE54-9A1E7A4F7556}") = "SIGO.Consultorias.Infrastructure", "src\Services\Consultorias\Consultorias.Infrastructure\SIGO.Consultorias.Infrastructure.csproj", "{35F8381B-AC7E-4153-81B4-E4E8029C882E}"
	ProjectSection(ProjectDependencies) = postProject
		{A8C4193D-E729-4DE0-823B-70371186BE11} = {A8C4193D-E729-4DE0-823B-70371186BE11}
	EndProjectSection
EndProject
Project("{9A19103F-16F7-4668-BE54-9A1E7A4F7556}") = "SIGO.Normas.Service", "src\Services\Normas\Normas.Service\SIGO.Normas.Service.csproj", "{4B9FD136-4AF6-4200-BAD7-45EA2A1BD370}"
EndProject
Project("{9A19103F-16F7-4668-BE54-9A1E7A4F7556}") = "SIGO.Normas.Infrastructure", "src\Services\Normas\Normas.Infrastructure\SIGO.Normas.Infrastructure.csproj", "{9114DE05-5B99-4284-AD14-4B6AF92C9945}"
EndProject
Project("{9A19103F-16F7-4668-BE54-9A1E7A4F7556}") = "SIGO.Normas.Domain", "src\Services\Normas\Normas.Domain\SIGO.Normas.Domain.csproj", "{55021623-BAA9-4BAC-B823-1A73F8BB3330}"
EndProject
Project("{9A19103F-16F7-4668-BE54-9A1E7A4F7556}") = "SIGO.Normas.API", "src\Services\Normas\Normas.API\SIGO.Normas.API.csproj", "{7DADD874-5F74-4F2D-9C96-471F12FB168C}"
EndProject
Project("{9A19103F-16F7-4668-BE54-9A1E7A4F7556}") = "SIGO.Autenticacao.Service", "src\Services\Autenticacao\Autenticacao.Service\SIGO.Autenticacao.Service.csproj", "{1617D9E2-2928-4F47-850C-2CDA9944831F}"
EndProject
Project("{9A19103F-16F7-4668-BE54-9A1E7A4F7556}") = "SIGO.Autenticacao.Infrastructure", "src\Services\Autenticacao\Autenticacao.Infrastructure\SIGO.Autenticacao.Infrastructure.csproj", "{502D4DCC-0AC7-468E-A8EC-BD2254D366F5}"
EndProject
Project("{9A19103F-16F7-4668-BE54-9A1E7A4F7556}") = "SIGO.Autenticacao.Domain", "src\Services\Autenticacao\Autenticacao.Domain\SIGO.Autenticacao.Domain.csproj", "{39DC34D2-1AE6-4F22-9B2A-60C4A53F8217}"
EndProject
Project("{9A19103F-16F7-4668-BE54-9A1E7A4F7556}") = "SIGO.Autenticacao.API", "src\Services\Autenticacao\Autenticacao.API\SIGO.Autenticacao.API.csproj", "{B3B238C8-F694-49B6-9F6B-7D8289D59005}"
EndProject
Project("{2150E333-8FDC-42A3-9474-1A3956D46DE8}") = "ProcessoIndustrial", "ProcessoIndustrial", "{48F4B296-14FA-4FB0-B014-9293AD17286C}"
EndProject
Project("{9A19103F-16F7-4668-BE54-9A1E7A4F7556}") = "SIGO.ProcessoIndustrial.API", "src\Services\ProcessoIndustrial\ProcessoIndustrial.API\SIGO.ProcessoIndustrial.API.csproj", "{87C5D20E-99EF-44BD-A831-7787E180CA15}"
EndProject
Project("{9A19103F-16F7-4668-BE54-9A1E7A4F7556}") = "SIGO.ProcessoIndustrial.Domain", "src\Services\ProcessoIndustrial\ProcessoIndustrial.Domain\SIGO.ProcessoIndustrial.Domain.csproj", "{216B60FC-54EE-4F3A-8C7C-302518B9D793}"
EndProject
Project("{9A19103F-16F7-4668-BE54-9A1E7A4F7556}") = "SIGO.ProcessoIndustrial.Infrastructure", "src\Services\ProcessoIndustrial\ProcessoIndustrial.Infrastructure\SIGO.ProcessoIndustrial.Infrastructure.csproj", "{2C8E20FF-AF06-43A5-A833-4628B1D51B4A}"
EndProject
Project("{9A19103F-16F7-4668-BE54-9A1E7A4F7556}") = "SIGO.ProcessoIndustrial.Service", "src\Services\ProcessoIndustrial\ProcessoIndustrial.Service\SIGO.ProcessoIndustrial.Service.csproj", "{25801EA9-8CAA-42AE-B852-8383FB5DAC9A}"
EndProject
Project("{9A19103F-16F7-4668-BE54-9A1E7A4F7556}") = "SIGO.APIGateway", "src\ApiGateways\APIGateway\SIGO.APIGateway.csproj", "{DD838B68-CA3B-4403-BF9F-19D3CF6E45EC}"
EndProject
Global
	GlobalSection(SolutionConfigurationPlatforms) = preSolution
		Debug|Any CPU = Debug|Any CPU
		Release|Any CPU = Release|Any CPU
	EndGlobalSection
	GlobalSection(ProjectConfigurationPlatforms) = postSolution
		{A9FAFE00-DE7B-4EF4-AFFA-713CD63A9A57}.Debug|Any CPU.ActiveCfg = Debug|Any CPU
		{A9FAFE00-DE7B-4EF4-AFFA-713CD63A9A57}.Debug|Any CPU.Build.0 = Debug|Any CPU
		{A9FAFE00-DE7B-4EF4-AFFA-713CD63A9A57}.Release|Any CPU.ActiveCfg = Release|Any CPU
		{A9FAFE00-DE7B-4EF4-AFFA-713CD63A9A57}.Release|Any CPU.Build.0 = Release|Any CPU
		{B0436618-A62F-4B5E-BE4A-B788E288E1B7}.Debug|Any CPU.ActiveCfg = Debug|Any CPU
		{B0436618-A62F-4B5E-BE4A-B788E288E1B7}.Debug|Any CPU.Build.0 = Debug|Any CPU
		{B0436618-A62F-4B5E-BE4A-B788E288E1B7}.Release|Any CPU.ActiveCfg = Release|Any CPU
		{B0436618-A62F-4B5E-BE4A-B788E288E1B7}.Release|Any CPU.Build.0 = Release|Any CPU
		{A8C4193D-E729-4DE0-823B-70371186BE11}.Debug|Any CPU.ActiveCfg = Debug|Any CPU
		{A8C4193D-E729-4DE0-823B-70371186BE11}.Debug|Any CPU.Build.0 = Debug|Any CPU
		{A8C4193D-E729-4DE0-823B-70371186BE11}.Release|Any CPU.ActiveCfg = Release|Any CPU
		{A8C4193D-E729-4DE0-823B-70371186BE11}.Release|Any CPU.Build.0 = Release|Any CPU
		{23D58ABF-069A-44BC-A667-9AC089D73C5F}.Debug|Any CPU.ActiveCfg = Debug|Any CPU
		{23D58ABF-069A-44BC-A667-9AC089D73C5F}.Debug|Any CPU.Build.0 = Debug|Any CPU
		{23D58ABF-069A-44BC-A667-9AC089D73C5F}.Release|Any CPU.ActiveCfg = Release|Any CPU
		{23D58ABF-069A-44BC-A667-9AC089D73C5F}.Release|Any CPU.Build.0 = Release|Any CPU
		{04D9FA92-E7CB-4CE4-8CEF-622638328E8B}.Debug|Any CPU.ActiveCfg = Debug|Any CPU
		{04D9FA92-E7CB-4CE4-8CEF-622638328E8B}.Debug|Any CPU.Build.0 = Debug|Any CPU
		{04D9FA92-E7CB-4CE4-8CEF-622638328E8B}.Release|Any CPU.ActiveCfg = Release|Any CPU
		{04D9FA92-E7CB-4CE4-8CEF-622638328E8B}.Release|Any CPU.Build.0 = Release|Any CPU
		{35F8381B-AC7E-4153-81B4-E4E8029C882E}.Debug|Any CPU.ActiveCfg = Debug|Any CPU
		{35F8381B-AC7E-4153-81B4-E4E8029C882E}.Debug|Any CPU.Build.0 = Debug|Any CPU
		{35F8381B-AC7E-4153-81B4-E4E8029C882E}.Release|Any CPU.ActiveCfg = Release|Any CPU
		{35F8381B-AC7E-4153-81B4-E4E8029C882E}.Release|Any CPU.Build.0 = Release|Any CPU
		{4B9FD136-4AF6-4200-BAD7-45EA2A1BD370}.Debug|Any CPU.ActiveCfg = Debug|Any CPU
		{4B9FD136-4AF6-4200-BAD7-45EA2A1BD370}.Debug|Any CPU.Build.0 = Debug|Any CPU
		{4B9FD136-4AF6-4200-BAD7-45EA2A1BD370}.Release|Any CPU.ActiveCfg = Release|Any CPU
		{4B9FD136-4AF6-4200-BAD7-45EA2A1BD370}.Release|Any CPU.Build.0 = Release|Any CPU
		{9114DE05-5B99-4284-AD14-4B6AF92C9945}.Debug|Any CPU.ActiveCfg = Debug|Any CPU
		{9114DE05-5B99-4284-AD14-4B6AF92C9945}.Debug|Any CPU.Build.0 = Debug|Any CPU
		{9114DE05-5B99-4284-AD14-4B6AF92C9945}.Release|Any CPU.ActiveCfg = Release|Any CPU
		{9114DE05-5B99-4284-AD14-4B6AF92C9945}.Release|Any CPU.Build.0 = Release|Any CPU
		{55021623-BAA9-4BAC-B823-1A73F8BB3330}.Debug|Any CPU.ActiveCfg = Debug|Any CPU
		{55021623-BAA9-4BAC-B823-1A73F8BB3330}.Debug|Any CPU.Build.0 = Debug|Any CPU
		{55021623-BAA9-4BAC-B823-1A73F8BB3330}.Release|Any CPU.ActiveCfg = Release|Any CPU
		{55021623-BAA9-4BAC-B823-1A73F8BB3330}.Release|Any CPU.Build.0 = Release|Any CPU
		{7DADD874-5F74-4F2D-9C96-471F12FB168C}.Debug|Any CPU.ActiveCfg = Debug|Any CPU
		{7DADD874-5F74-4F2D-9C96-471F12FB168C}.Debug|Any CPU.Build.0 = Debug|Any CPU
		{7DADD874-5F74-4F2D-9C96-471F12FB168C}.Release|Any CPU.ActiveCfg = Release|Any CPU
		{7DADD874-5F74-4F2D-9C96-471F12FB168C}.Release|Any CPU.Build.0 = Release|Any CPU
		{1617D9E2-2928-4F47-850C-2CDA9944831F}.Debug|Any CPU.ActiveCfg = Debug|Any CPU
		{1617D9E2-2928-4F47-850C-2CDA9944831F}.Debug|Any CPU.Build.0 = Debug|Any CPU
		{1617D9E2-2928-4F47-850C-2CDA9944831F}.Release|Any CPU.ActiveCfg = Release|Any CPU
		{1617D9E2-2928-4F47-850C-2CDA9944831F}.Release|Any CPU.Build.0 = Release|Any CPU
		{502D4DCC-0AC7-468E-A8EC-BD2254D366F5}.Debug|Any CPU.ActiveCfg = Debug|Any CPU
		{502D4DCC-0AC7-468E-A8EC-BD2254D366F5}.Debug|Any CPU.Build.0 = Debug|Any CPU
		{502D4DCC-0AC7-468E-A8EC-BD2254D366F5}.Release|Any CPU.ActiveCfg = Release|Any CPU
		{502D4DCC-0AC7-468E-A8EC-BD2254D366F5}.Release|Any CPU.Build.0 = Release|Any CPU
		{39DC34D2-1AE6-4F22-9B2A-60C4A53F8217}.Debug|Any CPU.ActiveCfg = Debug|Any CPU
		{39DC34D2-1AE6-4F22-9B2A-60C4A53F8217}.Debug|Any CPU.Build.0 = Debug|Any CPU
		{39DC34D2-1AE6-4F22-9B2A-60C4A53F8217}.Release|Any CPU.ActiveCfg = Release|Any CPU
		{39DC34D2-1AE6-4F22-9B2A-60C4A53F8217}.Release|Any CPU.Build.0 = Release|Any CPU
		{B3B238C8-F694-49B6-9F6B-7D8289D59005}.Debug|Any CPU.ActiveCfg = Debug|Any CPU
		{B3B238C8-F694-49B6-9F6B-7D8289D59005}.Debug|Any CPU.Build.0 = Debug|Any CPU
		{B3B238C8-F694-49B6-9F6B-7D8289D59005}.Release|Any CPU.ActiveCfg = Release|Any CPU
		{B3B238C8-F694-49B6-9F6B-7D8289D59005}.Release|Any CPU.Build.0 = Release|Any CPU
		{87C5D20E-99EF-44BD-A831-7787E180CA15}.Debug|Any CPU.ActiveCfg = Debug|Any CPU
		{87C5D20E-99EF-44BD-A831-7787E180CA15}.Debug|Any CPU.Build.0 = Debug|Any CPU
		{87C5D20E-99EF-44BD-A831-7787E180CA15}.Release|Any CPU.ActiveCfg = Release|Any CPU
		{87C5D20E-99EF-44BD-A831-7787E180CA15}.Release|Any CPU.Build.0 = Release|Any CPU
		{216B60FC-54EE-4F3A-8C7C-302518B9D793}.Debug|Any CPU.ActiveCfg = Debug|Any CPU
		{216B60FC-54EE-4F3A-8C7C-302518B9D793}.Debug|Any CPU.Build.0 = Debug|Any CPU
		{216B60FC-54EE-4F3A-8C7C-302518B9D793}.Release|Any CPU.ActiveCfg = Release|Any CPU
		{216B60FC-54EE-4F3A-8C7C-302518B9D793}.Release|Any CPU.Build.0 = Release|Any CPU
		{2C8E20FF-AF06-43A5-A833-4628B1D51B4A}.Debug|Any CPU.ActiveCfg = Debug|Any CPU
		{2C8E20FF-AF06-43A5-A833-4628B1D51B4A}.Debug|Any CPU.Build.0 = Debug|Any CPU
		{2C8E20FF-AF06-43A5-A833-4628B1D51B4A}.Release|Any CPU.ActiveCfg = Release|Any CPU
		{2C8E20FF-AF06-43A5-A833-4628B1D51B4A}.Release|Any CPU.Build.0 = Release|Any CPU
		{25801EA9-8CAA-42AE-B852-8383FB5DAC9A}.Debug|Any CPU.ActiveCfg = Debug|Any CPU
		{25801EA9-8CAA-42AE-B852-8383FB5DAC9A}.Debug|Any CPU.Build.0 = Debug|Any CPU
		{25801EA9-8CAA-42AE-B852-8383FB5DAC9A}.Release|Any CPU.ActiveCfg = Release|Any CPU
		{25801EA9-8CAA-42AE-B852-8383FB5DAC9A}.Release|Any CPU.Build.0 = Release|Any CPU
		{DD838B68-CA3B-4403-BF9F-19D3CF6E45EC}.Debug|Any CPU.ActiveCfg = Debug|Any CPU
		{DD838B68-CA3B-4403-BF9F-19D3CF6E45EC}.Debug|Any CPU.Build.0 = Debug|Any CPU
		{DD838B68-CA3B-4403-BF9F-19D3CF6E45EC}.Release|Any CPU.ActiveCfg = Release|Any CPU
		{DD838B68-CA3B-4403-BF9F-19D3CF6E45EC}.Release|Any CPU.Build.0 = Release|Any CPU
	EndGlobalSection
	GlobalSection(SolutionProperties) = preSolution
		HideSolutionNode = FALSE
	EndGlobalSection
	GlobalSection(NestedProjects) = preSolution
		{33D8CF3F-A0D7-433D-B7DE-BB214369DADA} = {36C6376E-C71C-4C5C-B409-CE51188D2E7C}
		{FEC45D4F-05DB-46EC-964C-BCB61D9F2DA8} = {33D8CF3F-A0D7-433D-B7DE-BB214369DADA}
		{A9E8E932-A03D-4845-ADD8-8E29C832A990} = {33D8CF3F-A0D7-433D-B7DE-BB214369DADA}
		{C6F5DCD2-2CAD-4155-9886-4A324482C6F0} = {36C6376E-C71C-4C5C-B409-CE51188D2E7C}
		{0C65EAA8-9F54-4656-A93F-16DBA2249022} = {36C6376E-C71C-4C5C-B409-CE51188D2E7C}
		{BCA880B3-A3DC-4210-94B7-0BBDDD5D6B86} = {36C6376E-C71C-4C5C-B409-CE51188D2E7C}
		{2F7F8E77-61E1-4872-B145-1D39F00CDCAC} = {33D8CF3F-A0D7-433D-B7DE-BB214369DADA}
		{B0436618-A62F-4B5E-BE4A-B788E288E1B7} = {2F7F8E77-61E1-4872-B145-1D39F00CDCAC}
		{A8C4193D-E729-4DE0-823B-70371186BE11} = {A9E8E932-A03D-4845-ADD8-8E29C832A990}
		{23D58ABF-069A-44BC-A667-9AC089D73C5F} = {A9E8E932-A03D-4845-ADD8-8E29C832A990}
		{04D9FA92-E7CB-4CE4-8CEF-622638328E8B} = {A9E8E932-A03D-4845-ADD8-8E29C832A990}
		{35F8381B-AC7E-4153-81B4-E4E8029C882E} = {A9E8E932-A03D-4845-ADD8-8E29C832A990}
		{4B9FD136-4AF6-4200-BAD7-45EA2A1BD370} = {FEC45D4F-05DB-46EC-964C-BCB61D9F2DA8}
		{9114DE05-5B99-4284-AD14-4B6AF92C9945} = {FEC45D4F-05DB-46EC-964C-BCB61D9F2DA8}
		{55021623-BAA9-4BAC-B823-1A73F8BB3330} = {FEC45D4F-05DB-46EC-964C-BCB61D9F2DA8}
		{7DADD874-5F74-4F2D-9C96-471F12FB168C} = {FEC45D4F-05DB-46EC-964C-BCB61D9F2DA8}
		{1617D9E2-2928-4F47-850C-2CDA9944831F} = {2F7F8E77-61E1-4872-B145-1D39F00CDCAC}
		{502D4DCC-0AC7-468E-A8EC-BD2254D366F5} = {2F7F8E77-61E1-4872-B145-1D39F00CDCAC}
		{39DC34D2-1AE6-4F22-9B2A-60C4A53F8217} = {2F7F8E77-61E1-4872-B145-1D39F00CDCAC}
		{B3B238C8-F694-49B6-9F6B-7D8289D59005} = {2F7F8E77-61E1-4872-B145-1D39F00CDCAC}
		{48F4B296-14FA-4FB0-B014-9293AD17286C} = {33D8CF3F-A0D7-433D-B7DE-BB214369DADA}
		{87C5D20E-99EF-44BD-A831-7787E180CA15} = {48F4B296-14FA-4FB0-B014-9293AD17286C}
		{216B60FC-54EE-4F3A-8C7C-302518B9D793} = {48F4B296-14FA-4FB0-B014-9293AD17286C}
		{2C8E20FF-AF06-43A5-A833-4628B1D51B4A} = {48F4B296-14FA-4FB0-B014-9293AD17286C}
		{25801EA9-8CAA-42AE-B852-8383FB5DAC9A} = {48F4B296-14FA-4FB0-B014-9293AD17286C}
		{DD838B68-CA3B-4403-BF9F-19D3CF6E45EC} = {C6F5DCD2-2CAD-4155-9886-4A324482C6F0}
	EndGlobalSection
	GlobalSection(ExtensibilityGlobals) = postSolution
		SolutionGuid = {C1FB1089-A465-41D3-9A19-91775B8D01C5}
	EndGlobalSection
EndGlobal
